
Microsoft Visual Studio Solution File, Format Version 12.00
# Visual Studio Version 17
VisualStudioVersion = 17.3.32819.101
MinimumVisualStudioVersion = 10.0.40219.1
Project("{9A19103F-16F7-4668-BE54-9A1E7A4F7556}") = "RazorPagesDemo", "RazorPagesDemo\RazorPagesDemo.csproj", "{91112B01-C343-476B-8FA3-BB86CB4B0D7F}"
EndProject
Global
	GlobalSection(SolutionConfigurationPlatforms) = preSolution
		Debug|Any CPU = Debug|Any CPU
		Release|Any CPU = Release|Any CPU
	EndGlobalSection
	GlobalSection(ProjectConfigurationPlatforms) = postSolution
		{91112B01-C343-476B-8FA3-BB86CB4B0D7F}.Debug|Any CPU.ActiveCfg = Debug|Any CPU
		{91112B01-C343-476B-8FA3-BB86CB4B0D7F}.Debug|Any CPU.Build.0 = Debug|Any CPU
		{91112B01-C343-476B-8FA3-BB86CB4B0D7F}.Release|Any CPU.ActiveCfg = Release|Any CPU
		{91112B01-C343-476B-8FA3-BB86CB4B0D7F}.Release|Any CPU.Build.0 = Release|Any CPU
	EndGlobalSection
	GlobalSection(SolutionProperties) = preSolution
		HideSolutionNode = FALSE
	EndGlobalSection
	GlobalSection(ExtensibilityGlobals) = postSolution
		SolutionGuid = {45B42293-7D68-4533-9653-8E9BDEDD15A4}
	EndGlobalSection
EndGlobal
