
Microsoft Visual Studio Solution File, Format Version 12.00
# Visual Studio Version 17
VisualStudioVersion = 17.3.32819.101
MinimumVisualStudioVersion = 10.0.40219.1
Project("{9A19103F-16F7-4668-BE54-9A1E7A4F7556}") = "NHLSystemClassLibrary", "NHLSystemClassLibrary\NHLSystemClassLibrary.csproj", "{E87E41CF-67DA-4D2F-8CCF-EBC70962047A}"
EndProject
Project("{9A19103F-16F7-4668-BE54-9A1E7A4F7556}") = "NHLSystemTestProject", "NHLSystemTestProject\NHLSystemTestProject.csproj", "{8AD3C520-8BBC-4B2E-8E84-FBF7999D6237}"
EndProject
Project("{9A19103F-16F7-4668-BE54-9A1E7A4F7556}") = "NHLConsoleApp", "NHLConsoleApp\NHLConsoleApp.csproj", "{7464DFE1-743C-47C5-8F30-3D9277A0F920}"
EndProject
Project("{2150E333-8FDC-42A3-9474-1A3956D46DE8}") = "Solution Items", "Solution Items", "{8FCB0E0E-E3B8-446E-954C-8F1D25D3601D}"
	ProjectSection(SolutionItems) = preProject
		notCanucks.csv = notCanucks.csv
		notCanucks.json = notCanucks.json
	EndProjectSection
EndProject
Project("{FAE04EC0-301F-11D3-BF4B-00C04F79EFBC}") = "NHLWebApp", "NHLWebApp\NHLWebApp.csproj", "{535434A6-AECE-4216-95E3-CA70BDB183CD}"
EndProject
Global
	GlobalSection(SolutionConfigurationPlatforms) = preSolution
		Debug|Any CPU = Debug|Any CPU
		Release|Any CPU = Release|Any CPU
	EndGlobalSection
	GlobalSection(ProjectConfigurationPlatforms) = postSolution
		{E87E41CF-67DA-4D2F-8CCF-EBC70962047A}.Debug|Any CPU.ActiveCfg = Debug|Any CPU
		{E87E41CF-67DA-4D2F-8CCF-EBC70962047A}.Debug|Any CPU.Build.0 = Debug|Any CPU
		{E87E41CF-67DA-4D2F-8CCF-EBC70962047A}.Release|Any CPU.ActiveCfg = Release|Any CPU
		{E87E41CF-67DA-4D2F-8CCF-EBC70962047A}.Release|Any CPU.Build.0 = Release|Any CPU
		{8AD3C520-8BBC-4B2E-8E84-FBF7999D6237}.Debug|Any CPU.ActiveCfg = Debug|Any CPU
		{8AD3C520-8BBC-4B2E-8E84-FBF7999D6237}.Debug|Any CPU.Build.0 = Debug|Any CPU
		{8AD3C520-8BBC-4B2E-8E84-FBF7999D6237}.Release|Any CPU.ActiveCfg = Release|Any CPU
		{8AD3C520-8BBC-4B2E-8E84-FBF7999D6237}.Release|Any CPU.Build.0 = Release|Any CPU
		{7464DFE1-743C-47C5-8F30-3D9277A0F920}.Debug|Any CPU.ActiveCfg = Debug|Any CPU
		{7464DFE1-743C-47C5-8F30-3D9277A0F920}.Debug|Any CPU.Build.0 = Debug|Any CPU
		{7464DFE1-743C-47C5-8F30-3D9277A0F920}.Release|Any CPU.ActiveCfg = Release|Any CPU
		{7464DFE1-743C-47C5-8F30-3D9277A0F920}.Release|Any CPU.Build.0 = Release|Any CPU
		{535434A6-AECE-4216-95E3-CA70BDB183CD}.Debug|Any CPU.ActiveCfg = Debug|Any CPU
		{535434A6-AECE-4216-95E3-CA70BDB183CD}.Debug|Any CPU.Build.0 = Debug|Any CPU
		{535434A6-AECE-4216-95E3-CA70BDB183CD}.Release|Any CPU.ActiveCfg = Release|Any CPU
		{535434A6-AECE-4216-95E3-CA70BDB183CD}.Release|Any CPU.Build.0 = Release|Any CPU
	EndGlobalSection
	GlobalSection(SolutionProperties) = preSolution
		HideSolutionNode = FALSE
	EndGlobalSection
	GlobalSection(ExtensibilityGlobals) = postSolution
		SolutionGuid = {7257EE75-D257-4E5B-AB24-F991CE60AB74}
	EndGlobalSection
EndGlobal
